
Microsoft Visual Studio Solution File, Format Version 12.00
# Visual Studio Version 17
VisualStudioVersion = 17.7.34221.43
MinimumVisualStudioVersion = 10.0.40219.1
Project("{8BC9CEB8-8B4A-11D0-8D11-00A0C91BC942}") = "Program", "Program.vcxproj", "{A3ACC9A9-D261-4261-9468-CB555D9428D9}"
EndProject
Project("{8BC9CEB8-8B4A-11D0-8D11-00A0C91BC942}") = "Class1st(SingleLinkedList)", "..\Class1st(SingleLinkedList)\Class1st(SingleLinkedList).vcxproj", "{96D7DED1-87FD-461D-96D6-305334083451}"
EndProject
Project("{8BC9CEB8-8B4A-11D0-8D11-00A0C91BC942}") = "Class2nd(Double Linked List)", "..\Class2nd(Double Linked List)\Class2nd(Double Linked List).vcxproj", "{2667C45C-68FA-4FD1-BFE8-69432C25CDD4}"
EndProject
Project("{8BC9CEB8-8B4A-11D0-8D11-00A0C91BC942}") = "Class3rd(Circular Linked List)", "..\Class3rd(Circular Linked List)\Class3rd(Circular Linked List).vcxproj", "{6FC51652-FC75-43EC-A90C-C35A4B188BEC}"
EndProject
Project("{8BC9CEB8-8B4A-11D0-8D11-00A0C91BC942}") = "Class4th(Stack)", "..\Class4th(Stack)\Class4th(Stack).vcxproj", "{5BD5468C-0DD6-4D28-880B-0D1770E851E0}"
EndProject
Project("{8BC9CEB8-8B4A-11D0-8D11-00A0C91BC942}") = "Class5th(Linear Queue)", "..\Class5th(Linear Queue)\Class5th(Linear Queue).vcxproj", "{7774178F-B51C-4F10-8DFA-E7DB84D350F1}"
EndProject
Project("{8BC9CEB8-8B4A-11D0-8D11-00A0C91BC942}") = "Class6th(CircularQueue)", "..\Class6th(CircularQueue)\Class6th(CircularQueue).vcxproj", "{C65404DC-D686-4348-9BE6-1AE04CC71B8B}"
EndProject
Project("{8BC9CEB8-8B4A-11D0-8D11-00A0C91BC942}") = "Class7th(Vector)", "..\Class7th(Vector)\Class7th(Vector).vcxproj", "{3F490C1A-ADD5-4109-95C6-603ADEA17F9C}"
EndProject
Project("{8BC9CEB8-8B4A-11D0-8D11-00A0C91BC942}") = "Class8th(String)", "..\Class8th(String)\Class8th(String).vcxproj", "{63BF75FB-37D3-455F-8E44-4D47329ECC6B}"
EndProject
Project("{8BC9CEB8-8B4A-11D0-8D11-00A0C91BC942}") = "Class9th(HashTable)", "..\Class9th(HashTable)\Class9th(HashTable).vcxproj", "{F066EF73-FDD8-4696-BCD0-DE9C081AB677}"
EndProject
Project("{8BC9CEB8-8B4A-11D0-8D11-00A0C91BC942}") = "Class10th(Binary Tree)", "..\Class10th(Binary Tree)\Class10th(Binary Tree).vcxproj", "{3A4AD3BB-56A3-4C8F-80E2-9E02C238FAE6}"
EndProject
Project("{8BC9CEB8-8B4A-11D0-8D11-00A0C91BC942}") = "Class11th(Heap)", "..\Class11th(Heap)\Class11th(Heap).vcxproj", "{3433EE89-A387-4679-BC9D-886D7349DE6A}"
EndProject
Project("{8BC9CEB8-8B4A-11D0-8D11-00A0C91BC942}") = "Class12th(Graph Adjacency Matrix)", "..\Class12th(Graph Adjacency Matrix)\Class12th(Graph Adjacency Matrix).vcxproj", "{1149214F-83C2-412D-ABCB-65388DAF6AF5}"
EndProject
Project("{8BC9CEB8-8B4A-11D0-8D11-00A0C91BC942}") = "Class13th(Graph Adjacency List)", "..\Class13th(Graph Adjacency List)\Class13th(Graph Adjacency List).vcxproj", "{BD3F3949-D82C-4184-926A-BE9216222BF7}"
EndProject
Project("{8BC9CEB8-8B4A-11D0-8D11-00A0C91BC942}") = "BinarySearchTree", "..\BinarySearchTree\BinarySearchTree.vcxproj", "{31942C33-7C09-4F38-A939-4C6F89CE91E5}"
EndProject
Global
	GlobalSection(SolutionConfigurationPlatforms) = preSolution
		Debug|x64 = Debug|x64
		Debug|x86 = Debug|x86
		Release|x64 = Release|x64
		Release|x86 = Release|x86
	EndGlobalSection
	GlobalSection(ProjectConfigurationPlatforms) = postSolution
		{A3ACC9A9-D261-4261-9468-CB555D9428D9}.Debug|x64.ActiveCfg = Debug|x64
		{A3ACC9A9-D261-4261-9468-CB555D9428D9}.Debug|x64.Build.0 = Debug|x64
		{A3ACC9A9-D261-4261-9468-CB555D9428D9}.Debug|x86.ActiveCfg = Debug|Win32
		{A3ACC9A9-D261-4261-9468-CB555D9428D9}.Debug|x86.Build.0 = Debug|Win32
		{A3ACC9A9-D261-4261-9468-CB555D9428D9}.Release|x64.ActiveCfg = Release|x64
		{A3ACC9A9-D261-4261-9468-CB555D9428D9}.Release|x64.Build.0 = Release|x64
		{A3ACC9A9-D261-4261-9468-CB555D9428D9}.Release|x86.ActiveCfg = Release|Win32
		{A3ACC9A9-D261-4261-9468-CB555D9428D9}.Release|x86.Build.0 = Release|Win32
		{96D7DED1-87FD-461D-96D6-305334083451}.Debug|x64.ActiveCfg = Debug|x64
		{96D7DED1-87FD-461D-96D6-305334083451}.Debug|x64.Build.0 = Debug|x64
		{96D7DED1-87FD-461D-96D6-305334083451}.Debug|x86.ActiveCfg = Debug|Win32
		{96D7DED1-87FD-461D-96D6-305334083451}.Debug|x86.Build.0 = Debug|Win32
		{96D7DED1-87FD-461D-96D6-305334083451}.Release|x64.ActiveCfg = Release|x64
		{96D7DED1-87FD-461D-96D6-305334083451}.Release|x64.Build.0 = Release|x64
		{96D7DED1-87FD-461D-96D6-305334083451}.Release|x86.ActiveCfg = Release|Win32
		{96D7DED1-87FD-461D-96D6-305334083451}.Release|x86.Build.0 = Release|Win32
		{2667C45C-68FA-4FD1-BFE8-69432C25CDD4}.Debug|x64.ActiveCfg = Debug|x64
		{2667C45C-68FA-4FD1-BFE8-69432C25CDD4}.Debug|x64.Build.0 = Debug|x64
		{2667C45C-68FA-4FD1-BFE8-69432C25CDD4}.Debug|x86.ActiveCfg = Debug|Win32
		{2667C45C-68FA-4FD1-BFE8-69432C25CDD4}.Debug|x86.Build.0 = Debug|Win32
		{2667C45C-68FA-4FD1-BFE8-69432C25CDD4}.Release|x64.ActiveCfg = Release|x64
		{2667C45C-68FA-4FD1-BFE8-69432C25CDD4}.Release|x64.Build.0 = Release|x64
		{2667C45C-68FA-4FD1-BFE8-69432C25CDD4}.Release|x86.ActiveCfg = Release|Win32
		{2667C45C-68FA-4FD1-BFE8-69432C25CDD4}.Release|x86.Build.0 = Release|Win32
		{6FC51652-FC75-43EC-A90C-C35A4B188BEC}.Debug|x64.ActiveCfg = Debug|x64
		{6FC51652-FC75-43EC-A90C-C35A4B188BEC}.Debug|x64.Build.0 = Debug|x64
		{6FC51652-FC75-43EC-A90C-C35A4B188BEC}.Debug|x86.ActiveCfg = Debug|Win32
		{6FC51652-FC75-43EC-A90C-C35A4B188BEC}.Debug|x86.Build.0 = Debug|Win32
		{6FC51652-FC75-43EC-A90C-C35A4B188BEC}.Release|x64.ActiveCfg = Release|x64
		{6FC51652-FC75-43EC-A90C-C35A4B188BEC}.Release|x64.Build.0 = Release|x64
		{6FC51652-FC75-43EC-A90C-C35A4B188BEC}.Release|x86.ActiveCfg = Release|Win32
		{6FC51652-FC75-43EC-A90C-C35A4B188BEC}.Release|x86.Build.0 = Release|Win32
		{5BD5468C-0DD6-4D28-880B-0D1770E851E0}.Debug|x64.ActiveCfg = Debug|x64
		{5BD5468C-0DD6-4D28-880B-0D1770E851E0}.Debug|x64.Build.0 = Debug|x64
		{5BD5468C-0DD6-4D28-880B-0D1770E851E0}.Debug|x86.ActiveCfg = Debug|Win32
		{5BD5468C-0DD6-4D28-880B-0D1770E851E0}.Debug|x86.Build.0 = Debug|Win32
		{5BD5468C-0DD6-4D28-880B-0D1770E851E0}.Release|x64.ActiveCfg = Release|x64
		{5BD5468C-0DD6-4D28-880B-0D1770E851E0}.Release|x64.Build.0 = Release|x64
		{5BD5468C-0DD6-4D28-880B-0D1770E851E0}.Release|x86.ActiveCfg = Release|Win32
		{5BD5468C-0DD6-4D28-880B-0D1770E851E0}.Release|x86.Build.0 = Release|Win32
		{7774178F-B51C-4F10-8DFA-E7DB84D350F1}.Debug|x64.ActiveCfg = Debug|x64
		{7774178F-B51C-4F10-8DFA-E7DB84D350F1}.Debug|x64.Build.0 = Debug|x64
		{7774178F-B51C-4F10-8DFA-E7DB84D350F1}.Debug|x86.ActiveCfg = Debug|Win32
		{7774178F-B51C-4F10-8DFA-E7DB84D350F1}.Debug|x86.Build.0 = Debug|Win32
		{7774178F-B51C-4F10-8DFA-E7DB84D350F1}.Release|x64.ActiveCfg = Release|x64
		{7774178F-B51C-4F10-8DFA-E7DB84D350F1}.Release|x64.Build.0 = Release|x64
		{7774178F-B51C-4F10-8DFA-E7DB84D350F1}.Release|x86.ActiveCfg = Release|Win32
		{7774178F-B51C-4F10-8DFA-E7DB84D350F1}.Release|x86.Build.0 = Release|Win32
		{C65404DC-D686-4348-9BE6-1AE04CC71B8B}.Debug|x64.ActiveCfg = Debug|x64
		{C65404DC-D686-4348-9BE6-1AE04CC71B8B}.Debug|x64.Build.0 = Debug|x64
		{C65404DC-D686-4348-9BE6-1AE04CC71B8B}.Debug|x86.ActiveCfg = Debug|Win32
		{C65404DC-D686-4348-9BE6-1AE04CC71B8B}.Debug|x86.Build.0 = Debug|Win32
		{C65404DC-D686-4348-9BE6-1AE04CC71B8B}.Release|x64.ActiveCfg = Release|x64
		{C65404DC-D686-4348-9BE6-1AE04CC71B8B}.Release|x64.Build.0 = Release|x64
		{C65404DC-D686-4348-9BE6-1AE04CC71B8B}.Release|x86.ActiveCfg = Release|Win32
		{C65404DC-D686-4348-9BE6-1AE04CC71B8B}.Release|x86.Build.0 = Release|Win32
		{3F490C1A-ADD5-4109-95C6-603ADEA17F9C}.Debug|x64.ActiveCfg = Debug|x64
		{3F490C1A-ADD5-4109-95C6-603ADEA17F9C}.Debug|x64.Build.0 = Debug|x64
		{3F490C1A-ADD5-4109-95C6-603ADEA17F9C}.Debug|x86.ActiveCfg = Debug|Win32
		{3F490C1A-ADD5-4109-95C6-603ADEA17F9C}.Debug|x86.Build.0 = Debug|Win32
		{3F490C1A-ADD5-4109-95C6-603ADEA17F9C}.Release|x64.ActiveCfg = Release|x64
		{3F490C1A-ADD5-4109-95C6-603ADEA17F9C}.Release|x64.Build.0 = Release|x64
		{3F490C1A-ADD5-4109-95C6-603ADEA17F9C}.Release|x86.ActiveCfg = Release|Win32
		{3F490C1A-ADD5-4109-95C6-603ADEA17F9C}.Release|x86.Build.0 = Release|Win32
		{63BF75FB-37D3-455F-8E44-4D47329ECC6B}.Debug|x64.ActiveCfg = Debug|x64
		{63BF75FB-37D3-455F-8E44-4D47329ECC6B}.Debug|x64.Build.0 = Debug|x64
		{63BF75FB-37D3-455F-8E44-4D47329ECC6B}.Debug|x86.ActiveCfg = Debug|Win32
		{63BF75FB-37D3-455F-8E44-4D47329ECC6B}.Debug|x86.Build.0 = Debug|Win32
		{63BF75FB-37D3-455F-8E44-4D47329ECC6B}.Release|x64.ActiveCfg = Release|x64
		{63BF75FB-37D3-455F-8E44-4D47329ECC6B}.Release|x64.Build.0 = Release|x64
		{63BF75FB-37D3-455F-8E44-4D47329ECC6B}.Release|x86.ActiveCfg = Release|Win32
		{63BF75FB-37D3-455F-8E44-4D47329ECC6B}.Release|x86.Build.0 = Release|Win32
		{F066EF73-FDD8-4696-BCD0-DE9C081AB677}.Debug|x64.ActiveCfg = Debug|x64
		{F066EF73-FDD8-4696-BCD0-DE9C081AB677}.Debug|x64.Build.0 = Debug|x64
		{F066EF73-FDD8-4696-BCD0-DE9C081AB677}.Debug|x86.ActiveCfg = Debug|Win32
		{F066EF73-FDD8-4696-BCD0-DE9C081AB677}.Debug|x86.Build.0 = Debug|Win32
		{F066EF73-FDD8-4696-BCD0-DE9C081AB677}.Release|x64.ActiveCfg = Release|x64
		{F066EF73-FDD8-4696-BCD0-DE9C081AB677}.Release|x64.Build.0 = Release|x64
		{F066EF73-FDD8-4696-BCD0-DE9C081AB677}.Release|x86.ActiveCfg = Release|Win32
		{F066EF73-FDD8-4696-BCD0-DE9C081AB677}.Release|x86.Build.0 = Release|Win32
		{3A4AD3BB-56A3-4C8F-80E2-9E02C238FAE6}.Debug|x64.ActiveCfg = Debug|x64
		{3A4AD3BB-56A3-4C8F-80E2-9E02C238FAE6}.Debug|x64.Build.0 = Debug|x64
		{3A4AD3BB-56A3-4C8F-80E2-9E02C238FAE6}.Debug|x86.ActiveCfg = Debug|Win32
		{3A4AD3BB-56A3-4C8F-80E2-9E02C238FAE6}.Debug|x86.Build.0 = Debug|Win32
		{3A4AD3BB-56A3-4C8F-80E2-9E02C238FAE6}.Release|x64.ActiveCfg = Release|x64
		{3A4AD3BB-56A3-4C8F-80E2-9E02C238FAE6}.Release|x64.Build.0 = Release|x64
		{3A4AD3BB-56A3-4C8F-80E2-9E02C238FAE6}.Release|x86.ActiveCfg = Release|Win32
		{3A4AD3BB-56A3-4C8F-80E2-9E02C238FAE6}.Release|x86.Build.0 = Release|Win32
		{3433EE89-A387-4679-BC9D-886D7349DE6A}.Debug|x64.ActiveCfg = Debug|x64
		{3433EE89-A387-4679-BC9D-886D7349DE6A}.Debug|x64.Build.0 = Debug|x64
		{3433EE89-A387-4679-BC9D-886D7349DE6A}.Debug|x86.ActiveCfg = Debug|Win32
		{3433EE89-A387-4679-BC9D-886D7349DE6A}.Debug|x86.Build.0 = Debug|Win32
		{3433EE89-A387-4679-BC9D-886D7349DE6A}.Release|x64.ActiveCfg = Release|x64
		{3433EE89-A387-4679-BC9D-886D7349DE6A}.Release|x64.Build.0 = Release|x64
		{3433EE89-A387-4679-BC9D-886D7349DE6A}.Release|x86.ActiveCfg = Release|Win32
		{3433EE89-A387-4679-BC9D-886D7349DE6A}.Release|x86.Build.0 = Release|Win32
		{1149214F-83C2-412D-ABCB-65388DAF6AF5}.Debug|x64.ActiveCfg = Debug|x64
		{1149214F-83C2-412D-ABCB-65388DAF6AF5}.Debug|x64.Build.0 = Debug|x64
		{1149214F-83C2-412D-ABCB-65388DAF6AF5}.Debug|x86.ActiveCfg = Debug|Win32
		{1149214F-83C2-412D-ABCB-65388DAF6AF5}.Debug|x86.Build.0 = Debug|Win32
		{1149214F-83C2-412D-ABCB-65388DAF6AF5}.Release|x64.ActiveCfg = Release|x64
		{1149214F-83C2-412D-ABCB-65388DAF6AF5}.Release|x64.Build.0 = Release|x64
		{1149214F-83C2-412D-ABCB-65388DAF6AF5}.Release|x86.ActiveCfg = Release|Win32
		{1149214F-83C2-412D-ABCB-65388DAF6AF5}.Release|x86.Build.0 = Release|Win32
		{BD3F3949-D82C-4184-926A-BE9216222BF7}.Debug|x64.ActiveCfg = Debug|x64
		{BD3F3949-D82C-4184-926A-BE9216222BF7}.Debug|x64.Build.0 = Debug|x64
		{BD3F3949-D82C-4184-926A-BE9216222BF7}.Debug|x86.ActiveCfg = Debug|Win32
		{BD3F3949-D82C-4184-926A-BE9216222BF7}.Debug|x86.Build.0 = Debug|Win32
		{BD3F3949-D82C-4184-926A-BE9216222BF7}.Release|x64.ActiveCfg = Release|x64
		{BD3F3949-D82C-4184-926A-BE9216222BF7}.Release|x64.Build.0 = Release|x64
		{BD3F3949-D82C-4184-926A-BE9216222BF7}.Release|x86.ActiveCfg = Release|Win32
		{BD3F3949-D82C-4184-926A-BE9216222BF7}.Release|x86.Build.0 = Release|Win32
		{31942C33-7C09-4F38-A939-4C6F89CE91E5}.Debug|x64.ActiveCfg = Debug|x64
		{31942C33-7C09-4F38-A939-4C6F89CE91E5}.Debug|x64.Build.0 = Debug|x64
		{31942C33-7C09-4F38-A939-4C6F89CE91E5}.Debug|x86.ActiveCfg = Debug|Win32
		{31942C33-7C09-4F38-A939-4C6F89CE91E5}.Debug|x86.Build.0 = Debug|Win32
		{31942C33-7C09-4F38-A939-4C6F89CE91E5}.Release|x64.ActiveCfg = Release|x64
		{31942C33-7C09-4F38-A939-4C6F89CE91E5}.Release|x64.Build.0 = Release|x64
		{31942C33-7C09-4F38-A939-4C6F89CE91E5}.Release|x86.ActiveCfg = Release|Win32
		{31942C33-7C09-4F38-A939-4C6F89CE91E5}.Release|x86.Build.0 = Release|Win32
	EndGlobalSection
	GlobalSection(SolutionProperties) = preSolution
		HideSolutionNode = FALSE
	EndGlobalSection
	GlobalSection(ExtensibilityGlobals) = postSolution
		SolutionGuid = {265C15DA-28FC-42F2-A266-BC72E65BAE6A}
	EndGlobalSection
EndGlobal
